
Microsoft Visual Studio Solution File, Format Version 12.00
Project("{FAE04EC0-301F-11D3-BF4B-00C04F79EFBC}") = "API", "API\API.csproj", "{8DBF8C34-CED0-4382-8142-CF805D7DC5FB}"
EndProject
Project("{FAE04EC0-301F-11D3-BF4B-00C04F79EFBC}") = "DAL", "DAL\DAL.csproj", "{EF7CCC8B-D2BE-4607-AA08-15E302A6ECCD}"
EndProject
Project("{FAE04EC0-301F-11D3-BF4B-00C04F79EFBC}") = "BLL", "BLL\BLL.csproj", "{E99ACFE7-F511-48E8-A374-D040C80FD7E3}"
EndProject
Project("{FAE04EC0-301F-11D3-BF4B-00C04F79EFBC}") = "Shared", "Shared\Shared.csproj", "{FD71FACE-17CE-4787-AA40-1E7382DC9BBC}"
EndProject
Project("{FAE04EC0-301F-11D3-BF4B-00C04F79EFBC}") = "RealSpotifyDAL", "RealSpotifyDAL\RealSpotifyDAL.csproj", "{22739DE2-3941-419C-9479-C27059626F00}"
EndProject
Project("{FAE04EC0-301F-11D3-BF4B-00C04F79EFBC}") = "BLL_UnitTests", "BLL_UnitTests\BLL_UnitTests.csproj", "{1EFFE487-0977-45E6-8244-D4D8572FFD98}"
EndProject
Global
	GlobalSection(SolutionConfigurationPlatforms) = preSolution
		Debug|Any CPU = Debug|Any CPU
		Release|Any CPU = Release|Any CPU
	EndGlobalSection
	GlobalSection(ProjectConfigurationPlatforms) = postSolution
		{8DBF8C34-CED0-4382-8142-CF805D7DC5FB}.Debug|Any CPU.ActiveCfg = Debug|Any CPU
		{8DBF8C34-CED0-4382-8142-CF805D7DC5FB}.Debug|Any CPU.Build.0 = Debug|Any CPU
		{8DBF8C34-CED0-4382-8142-CF805D7DC5FB}.Release|Any CPU.ActiveCfg = Release|Any CPU
		{8DBF8C34-CED0-4382-8142-CF805D7DC5FB}.Release|Any CPU.Build.0 = Release|Any CPU
		{EF7CCC8B-D2BE-4607-AA08-15E302A6ECCD}.Debug|Any CPU.ActiveCfg = Debug|Any CPU
		{EF7CCC8B-D2BE-4607-AA08-15E302A6ECCD}.Debug|Any CPU.Build.0 = Debug|Any CPU
		{EF7CCC8B-D2BE-4607-AA08-15E302A6ECCD}.Release|Any CPU.ActiveCfg = Release|Any CPU
		{EF7CCC8B-D2BE-4607-AA08-15E302A6ECCD}.Release|Any CPU.Build.0 = Release|Any CPU
		{E99ACFE7-F511-48E8-A374-D040C80FD7E3}.Debug|Any CPU.ActiveCfg = Debug|Any CPU
		{E99ACFE7-F511-48E8-A374-D040C80FD7E3}.Debug|Any CPU.Build.0 = Debug|Any CPU
		{E99ACFE7-F511-48E8-A374-D040C80FD7E3}.Release|Any CPU.ActiveCfg = Release|Any CPU
		{E99ACFE7-F511-48E8-A374-D040C80FD7E3}.Release|Any CPU.Build.0 = Release|Any CPU
		{FD71FACE-17CE-4787-AA40-1E7382DC9BBC}.Debug|Any CPU.ActiveCfg = Debug|Any CPU
		{FD71FACE-17CE-4787-AA40-1E7382DC9BBC}.Debug|Any CPU.Build.0 = Debug|Any CPU
		{FD71FACE-17CE-4787-AA40-1E7382DC9BBC}.Release|Any CPU.ActiveCfg = Release|Any CPU
		{FD71FACE-17CE-4787-AA40-1E7382DC9BBC}.Release|Any CPU.Build.0 = Release|Any CPU
		{22739DE2-3941-419C-9479-C27059626F00}.Debug|Any CPU.ActiveCfg = Debug|Any CPU
		{22739DE2-3941-419C-9479-C27059626F00}.Debug|Any CPU.Build.0 = Debug|Any CPU
		{22739DE2-3941-419C-9479-C27059626F00}.Release|Any CPU.ActiveCfg = Release|Any CPU
		{22739DE2-3941-419C-9479-C27059626F00}.Release|Any CPU.Build.0 = Release|Any CPU
		{1EFFE487-0977-45E6-8244-D4D8572FFD98}.Debug|Any CPU.ActiveCfg = Debug|Any CPU
		{1EFFE487-0977-45E6-8244-D4D8572FFD98}.Debug|Any CPU.Build.0 = Debug|Any CPU
		{1EFFE487-0977-45E6-8244-D4D8572FFD98}.Release|Any CPU.ActiveCfg = Release|Any CPU
		{1EFFE487-0977-45E6-8244-D4D8572FFD98}.Release|Any CPU.Build.0 = Release|Any CPU
	EndGlobalSection
EndGlobal
